
Microsoft Visual Studio Solution File, Format Version 12.00
# Visual Studio Version 16
VisualStudioVersion = 16.0.30225.117
MinimumVisualStudioVersion = 10.0.40219.1
Project("{FAE04EC0-301F-11D3-BF4B-00C04F79EFBC}") = "Table of Powers", "Table of Powers.csproj", "{0A749584-4EB8-41C7-A228-CACC8F4B5A9A}"
EndProject
Global
	GlobalSection(SolutionConfigurationPlatforms) = preSolution
		Debug|Any CPU = Debug|Any CPU
		Release|Any CPU = Release|Any CPU
	EndGlobalSection
	GlobalSection(ProjectConfigurationPlatforms) = postSolution
		{0A749584-4EB8-41C7-A228-CACC8F4B5A9A}.Debug|Any CPU.ActiveCfg = Debug|Any CPU
		{0A749584-4EB8-41C7-A228-CACC8F4B5A9A}.Debug|Any CPU.Build.0 = Debug|Any CPU
		{0A749584-4EB8-41C7-A228-CACC8F4B5A9A}.Release|Any CPU.ActiveCfg = Release|Any CPU
		{0A749584-4EB8-41C7-A228-CACC8F4B5A9A}.Release|Any CPU.Build.0 = Release|Any CPU
	EndGlobalSection
	GlobalSection(SolutionProperties) = preSolution
		HideSolutionNode = FALSE
	EndGlobalSection
	GlobalSection(ExtensibilityGlobals) = postSolution
		SolutionGuid = {0D3EE5AF-048D-46E2-9C5D-59C944745CA3}
	EndGlobalSection
EndGlobal
